// !$*UTF8*$!
{
	archiveVersion = 1;
	classes = {
	};
	objectVersion = 50;
	objects = {

/* Begin PBXBuildFile section */
		DC64DC1BC1BD383181338AED /* Pods_WeatherApp.framework in Frameworks */ = {isa = PBXBuildFile; fileRef = 5DDDAAE937C44EB7B8759309 /* Pods_WeatherApp.framework */; };
		E501D177219CA1AC00C70CC1 /* AppDelegate.swift in Sources */ = {isa = PBXBuildFile; fileRef = E501D176219CA1AC00C70CC1 /* AppDelegate.swift */; };
		E501D17C219CA1AC00C70CC1 /* Main.storyboard in Resources */ = {isa = PBXBuildFile; fileRef = E501D17A219CA1AC00C70CC1 /* Main.storyboard */; };
		E501D17E219CA1AF00C70CC1 /* Assets.xcassets in Resources */ = {isa = PBXBuildFile; fileRef = E501D17D219CA1AF00C70CC1 /* Assets.xcassets */; };
		E501D181219CA1AF00C70CC1 /* LaunchScreen.storyboard in Resources */ = {isa = PBXBuildFile; fileRef = E501D17F219CA1AF00C70CC1 /* LaunchScreen.storyboard */; };
		E501D18A219CA47800C70CC1 /* HomeVC.swift in Sources */ = {isa = PBXBuildFile; fileRef = E501D189219CA47800C70CC1 /* HomeVC.swift */; };
		E501D18D219CA6C800C70CC1 /* API Keys.swift in Sources */ = {isa = PBXBuildFile; fileRef = E501D18C219CA6C800C70CC1 /* API Keys.swift */; };
		E501D192219CAAAF00C70CC1 /* API Manager.swift in Sources */ = {isa = PBXBuildFile; fileRef = E501D191219CAAAF00C70CC1 /* API Manager.swift */; };
		E501D1A9219F2B1600C70CC1 /* Weather Data.swift in Sources */ = {isa = PBXBuildFile; fileRef = E501D1A8219F2B1600C70CC1 /* Weather Data.swift */; };
		E501D1AC219F732400C70CC1 /* Delicious.ttf in Resources */ = {isa = PBXBuildFile; fileRef = E501D1AB219F732400C70CC1 /* Delicious.ttf */; };
		E501D1B021A056C500C70CC1 /* MenuVC.swift in Sources */ = {isa = PBXBuildFile; fileRef = E501D1AF21A056C500C70CC1 /* MenuVC.swift */; };
		E501D1B421A0895E00C70CC1 /* Models.swift in Sources */ = {isa = PBXBuildFile; fileRef = E501D1B321A0895E00C70CC1 /* Models.swift */; };
		E501D1BA21A0965900C70CC1 /* Locations.swift in Sources */ = {isa = PBXBuildFile; fileRef = E501D1B921A0965900C70CC1 /* Locations.swift */; };
		E501D1BD21A098A300C70CC1 /* LocationTVC.swift in Sources */ = {isa = PBXBuildFile; fileRef = E501D1BC21A098A300C70CC1 /* LocationTVC.swift */; };
		E53C8EA021A33512001FA85B /* GeoCoding Data.swift in Sources */ = {isa = PBXBuildFile; fileRef = E53C8E9F21A33512001FA85B /* GeoCoding Data.swift */; };
/* End PBXBuildFile section */

/* Begin PBXFileReference section */
		5DDDAAE937C44EB7B8759309 /* Pods_WeatherApp.framework */ = {isa = PBXFileReference; explicitFileType = wrapper.framework; includeInIndex = 0; path = Pods_WeatherApp.framework; sourceTree = BUILT_PRODUCTS_DIR; };
		A3A35096B71A30A6B0BE807C /* Pods-WeatherApp.release.xcconfig */ = {isa = PBXFileReference; includeInIndex = 1; lastKnownFileType = text.xcconfig; name = "Pods-WeatherApp.release.xcconfig"; path = "Pods/Target Support Files/Pods-WeatherApp/Pods-WeatherApp.release.xcconfig"; sourceTree = "<group>"; };
		E501D173219CA1AC00C70CC1 /* WeatherApp.app */ = {isa = PBXFileReference; explicitFileType = wrapper.application; includeInIndex = 0; path = WeatherApp.app; sourceTree = BUILT_PRODUCTS_DIR; };
		E501D176219CA1AC00C70CC1 /* AppDelegate.swift */ = {isa = PBXFileReference; lastKnownFileType = sourcecode.swift; path = AppDelegate.swift; sourceTree = "<group>"; };
		E501D17B219CA1AC00C70CC1 /* Base */ = {isa = PBXFileReference; lastKnownFileType = file.storyboard; name = Base; path = Base.lproj/Main.storyboard; sourceTree = "<group>"; };
		E501D17D219CA1AF00C70CC1 /* Assets.xcassets */ = {isa = PBXFileReference; lastKnownFileType = folder.assetcatalog; path = Assets.xcassets; sourceTree = "<group>"; };
		E501D180219CA1AF00C70CC1 /* Base */ = {isa = PBXFileReference; lastKnownFileType = file.storyboard; name = Base; path = Base.lproj/LaunchScreen.storyboard; sourceTree = "<group>"; };
		E501D182219CA1B000C70CC1 /* Info.plist */ = {isa = PBXFileReference; lastKnownFileType = text.plist.xml; path = Info.plist; sourceTree = "<group>"; };
		E501D189219CA47800C70CC1 /* HomeVC.swift */ = {isa = PBXFileReference; lastKnownFileType = sourcecode.swift; path = HomeVC.swift; sourceTree = "<group>"; };
		E501D18C219CA6C800C70CC1 /* API Keys.swift */ = {isa = PBXFileReference; lastKnownFileType = sourcecode.swift; path = "API Keys.swift"; sourceTree = "<group>"; };
		E501D191219CAAAF00C70CC1 /* API Manager.swift */ = {isa = PBXFileReference; lastKnownFileType = sourcecode.swift; path = "API Manager.swift"; sourceTree = "<group>"; };
		E501D1A8219F2B1600C70CC1 /* Weather Data.swift */ = {isa = PBXFileReference; lastKnownFileType = sourcecode.swift; path = "Weather Data.swift"; sourceTree = "<group>"; };
		E501D1AB219F732400C70CC1 /* Delicious.ttf */ = {isa = PBXFileReference; lastKnownFileType = file; path = Delicious.ttf; sourceTree = "<group>"; };
		E501D1AF21A056C500C70CC1 /* MenuVC.swift */ = {isa = PBXFileReference; lastKnownFileType = sourcecode.swift; path = MenuVC.swift; sourceTree = "<group>"; };
		E501D1B321A0895E00C70CC1 /* Models.swift */ = {isa = PBXFileReference; fileEncoding = 4; lastKnownFileType = sourcecode.swift; path = Models.swift; sourceTree = "<group>"; };
		E501D1B921A0965900C70CC1 /* Locations.swift */ = {isa = PBXFileReference; lastKnownFileType = sourcecode.swift; path = Locations.swift; sourceTree = "<group>"; };
		E501D1BC21A098A300C70CC1 /* LocationTVC.swift */ = {isa = PBXFileReference; lastKnownFileType = sourcecode.swift; path = LocationTVC.swift; sourceTree = "<group>"; };
		E53C8E9F21A33512001FA85B /* GeoCoding Data.swift */ = {isa = PBXFileReference; lastKnownFileType = sourcecode.swift; path = "GeoCoding Data.swift"; sourceTree = "<group>"; };
		E6396632219BA46DA31065AF /* Pods-WeatherApp.debug.xcconfig */ = {isa = PBXFileReference; includeInIndex = 1; lastKnownFileType = text.xcconfig; name = "Pods-WeatherApp.debug.xcconfig"; path = "Pods/Target Support Files/Pods-WeatherApp/Pods-WeatherApp.debug.xcconfig"; sourceTree = "<group>"; };
/* End PBXFileReference section */

/* Begin PBXFrameworksBuildPhase section */
		E501D170219CA1AC00C70CC1 /* Frameworks */ = {
			isa = PBXFrameworksBuildPhase;
			buildActionMask = 2147483647;
			files = (
				DC64DC1BC1BD383181338AED /* Pods_WeatherApp.framework in Frameworks */,
			);
			runOnlyForDeploymentPostprocessing = 0;
		};
/* End PBXFrameworksBuildPhase section */

/* Begin PBXGroup section */
		7CB99CF365060F2924D4008E /* Pods */ = {
			isa = PBXGroup;
			children = (
				E6396632219BA46DA31065AF /* Pods-WeatherApp.debug.xcconfig */,
				A3A35096B71A30A6B0BE807C /* Pods-WeatherApp.release.xcconfig */,
			);
			name = Pods;
			sourceTree = "<group>";
		};
		AB6D1A0F366F12C043598C63 /* Frameworks */ = {
			isa = PBXGroup;
			children = (
				5DDDAAE937C44EB7B8759309 /* Pods_WeatherApp.framework */,
			);
			name = Frameworks;
			sourceTree = "<group>";
		};
		E501D16A219CA1AC00C70CC1 = {
			isa = PBXGroup;
			children = (
				E501D175219CA1AC00C70CC1 /* WeatherApp */,
				E501D174219CA1AC00C70CC1 /* Products */,
				7CB99CF365060F2924D4008E /* Pods */,
				AB6D1A0F366F12C043598C63 /* Frameworks */,
			);
			sourceTree = "<group>";
		};
		E501D174219CA1AC00C70CC1 /* Products */ = {
			isa = PBXGroup;
			children = (
				E501D173219CA1AC00C70CC1 /* WeatherApp.app */,
			);
			name = Products;
			sourceTree = "<group>";
		};
		E501D175219CA1AC00C70CC1 /* WeatherApp */ = {
			isa = PBXGroup;
			children = (
				E501D176219CA1AC00C70CC1 /* AppDelegate.swift */,
				E501D191219CAAAF00C70CC1 /* API Manager.swift */,
				E501D1B921A0965900C70CC1 /* Locations.swift */,
				E501D1A7219F2B0300C70CC1 /* Data Models */,
				E501D188219CA41100C70CC1 /* ViewControllers */,
				E501D1BB21A0987700C70CC1 /* Cells */,
				E501D190219CA9EB00C70CC1 /* Models */,
				E501D18B219CA6AE00C70CC1 /* API Keys */,
				E501D17A219CA1AC00C70CC1 /* Main.storyboard */,
				E501D17D219CA1AF00C70CC1 /* Assets.xcassets */,
				E501D17F219CA1AF00C70CC1 /* LaunchScreen.storyboard */,
				E501D182219CA1B000C70CC1 /* Info.plist */,
				E501D1AA219F730E00C70CC1 /* Resourses */,
			);
			path = WeatherApp;
			sourceTree = "<group>";
		};
		E501D188219CA41100C70CC1 /* ViewControllers */ = {
			isa = PBXGroup;
			children = (
				E501D189219CA47800C70CC1 /* HomeVC.swift */,
				E501D1AF21A056C500C70CC1 /* MenuVC.swift */,
			);
			path = ViewControllers;
			sourceTree = "<group>";
		};
		E501D18B219CA6AE00C70CC1 /* API Keys */ = {
			isa = PBXGroup;
			children = (
				E501D18C219CA6C800C70CC1 /* API Keys.swift */,
			);
			path = "API Keys";
			sourceTree = "<group>";
		};
		E501D190219CA9EB00C70CC1 /* Models */ = {
			isa = PBXGroup;
			children = (
				E501D1B321A0895E00C70CC1 /* Models.swift */,
			);
			path = Models;
			sourceTree = "<group>";
		};
		E501D1A7219F2B0300C70CC1 /* Data Models */ = {
			isa = PBXGroup;
			children = (
				E501D1A8219F2B1600C70CC1 /* Weather Data.swift */,
				E53C8E9F21A33512001FA85B /* GeoCoding Data.swift */,
			);
			path = "Data Models";
			sourceTree = "<group>";
		};
		E501D1AA219F730E00C70CC1 /* Resourses */ = {
			isa = PBXGroup;
			children = (
				E501D1AB219F732400C70CC1 /* Delicious.ttf */,
			);
			path = Resourses;
			sourceTree = "<group>";
		};
		E501D1BB21A0987700C70CC1 /* Cells */ = {
			isa = PBXGroup;
			children = (
				E501D1BC21A098A300C70CC1 /* LocationTVC.swift */,
			);
			path = Cells;
			sourceTree = "<group>";
		};
/* End PBXGroup section */

/* Begin PBXNativeTarget section */
		E501D172219CA1AC00C70CC1 /* WeatherApp */ = {
			isa = PBXNativeTarget;
			buildConfigurationList = E501D185219CA1B000C70CC1 /* Build configuration list for PBXNativeTarget "WeatherApp" */;
			buildPhases = (
				4B79C54EC96805AA58C53E3A /* [CP] Check Pods Manifest.lock */,
				E501D16F219CA1AC00C70CC1 /* Sources */,
				E501D170219CA1AC00C70CC1 /* Frameworks */,
				E501D171219CA1AC00C70CC1 /* Resources */,
				22F66AA19902236D358DD43D /* [CP] Embed Pods Frameworks */,
			);
			buildRules = (
			);
			dependencies = (
			);
			name = WeatherApp;
			productName = WeatherApp;
			productReference = E501D173219CA1AC00C70CC1 /* WeatherApp.app */;
			productType = "com.apple.product-type.application";
		};
/* End PBXNativeTarget section */

/* Begin PBXProject section */
		E501D16B219CA1AC00C70CC1 /* Project object */ = {
			isa = PBXProject;
			attributes = {
				LastSwiftUpdateCheck = 1000;
				LastUpgradeCheck = 1000;
				ORGANIZATIONNAME = "Tanner York";
				TargetAttributes = {
					E501D172219CA1AC00C70CC1 = {
						CreatedOnToolsVersion = 10.0;
					};
				};
			};
			buildConfigurationList = E501D16E219CA1AC00C70CC1 /* Build configuration list for PBXProject "WeatherApp" */;
			compatibilityVersion = "Xcode 9.3";
			developmentRegion = en;
			hasScannedForEncodings = 0;
			knownRegions = (
				en,
				Base,
			);
			mainGroup = E501D16A219CA1AC00C70CC1;
			productRefGroup = E501D174219CA1AC00C70CC1 /* Products */;
			projectDirPath = "";
			projectRoot = "";
			targets = (
				E501D172219CA1AC00C70CC1 /* WeatherApp */,
			);
		};
/* End PBXProject section */

/* Begin PBXResourcesBuildPhase section */
		E501D171219CA1AC00C70CC1 /* Resources */ = {
			isa = PBXResourcesBuildPhase;
			buildActionMask = 2147483647;
			files = (
				E501D181219CA1AF00C70CC1 /* LaunchScreen.storyboard in Resources */,
				E501D17E219CA1AF00C70CC1 /* Assets.xcassets in Resources */,
				E501D1AC219F732400C70CC1 /* Delicious.ttf in Resources */,
				E501D17C219CA1AC00C70CC1 /* Main.storyboard in Resources */,
			);
			runOnlyForDeploymentPostprocessing = 0;
		};
/* End PBXResourcesBuildPhase section */

/* Begin PBXShellScriptBuildPhase section */
		22F66AA19902236D358DD43D /* [CP] Embed Pods Frameworks */ = {
			isa = PBXShellScriptBuildPhase;
			buildActionMask = 2147483647;
			files = (
			);
			inputPaths = (
				"${SRCROOT}/Pods/Target Support Files/Pods-WeatherApp/Pods-WeatherApp-frameworks.sh",
				"${BUILT_PRODUCTS_DIR}/Alamofire/Alamofire.framework",
				"${BUILT_PRODUCTS_DIR}/SwiftyJSON/SwiftyJSON.framework",
			);
			name = "[CP] Embed Pods Frameworks";
			outputPaths = (
				"${TARGET_BUILD_DIR}/${FRAMEWORKS_FOLDER_PATH}/Alamofire.framework",
				"${TARGET_BUILD_DIR}/${FRAMEWORKS_FOLDER_PATH}/SwiftyJSON.framework",
			);
			runOnlyForDeploymentPostprocessing = 0;
			shellPath = /bin/sh;
			shellScript = "\"${SRCROOT}/Pods/Target Support Files/Pods-WeatherApp/Pods-WeatherApp-frameworks.sh\"\n";
			showEnvVarsInLog = 0;
		};
		4B79C54EC96805AA58C53E3A /* [CP] Check Pods Manifest.lock */ = {
			isa = PBXShellScriptBuildPhase;
			buildActionMask = 2147483647;
			files = (
			);
			inputPaths = (
				"${PODS_PODFILE_DIR_PATH}/Podfile.lock",
				"${PODS_ROOT}/Manifest.lock",
			);
			name = "[CP] Check Pods Manifest.lock";
			outputPaths = (
				"$(DERIVED_FILE_DIR)/Pods-WeatherApp-checkManifestLockResult.txt",
			);
			runOnlyForDeploymentPostprocessing = 0;
			shellPath = /bin/sh;
			shellScript = "diff \"${PODS_PODFILE_DIR_PATH}/Podfile.lock\" \"${PODS_ROOT}/Manifest.lock\" > /dev/null\nif [ $? != 0 ] ; then\n    # print error to STDERR\n    echo \"error: The sandbox is not in sync with the Podfile.lock. Run 'pod install' or update your CocoaPods installation.\" >&2\n    exit 1\nfi\n# This output is used by Xcode 'outputs' to avoid re-running this script phase.\necho \"SUCCESS\" > \"${SCRIPT_OUTPUT_FILE_0}\"\n";
			showEnvVarsInLog = 0;
		};
/* End PBXShellScriptBuildPhase section */

/* Begin PBXSourcesBuildPhase section */
		E501D16F219CA1AC00C70CC1 /* Sources */ = {
			isa = PBXSourcesBuildPhase;
			buildActionMask = 2147483647;
			files = (
				E501D1BD21A098A300C70CC1 /* LocationTVC.swift in Sources */,
				E501D1BA21A0965900C70CC1 /* Locations.swift in Sources */,
				E501D1B021A056C500C70CC1 /* MenuVC.swift in Sources */,
				E501D177219CA1AC00C70CC1 /* AppDelegate.swift in Sources */,
				E53C8EA021A33512001FA85B /* GeoCoding Data.swift in Sources */,
				E501D1B421A0895E00C70CC1 /* Models.swift in Sources */,
				E501D192219CAAAF00C70CC1 /* API Manager.swift in Sources */,
				E501D1A9219F2B1600C70CC1 /* Weather Data.swift in Sources */,
				E501D18D219CA6C800C70CC1 /* API Keys.swift in Sources */,
				E501D18A219CA47800C70CC1 /* HomeVC.swift in Sources */,
			);
			runOnlyForDeploymentPostprocessing = 0;
		};
/* End PBXSourcesBuildPhase section */

/* Begin PBXVariantGroup section */
		E501D17A219CA1AC00C70CC1 /* Main.storyboard */ = {
			isa = PBXVariantGroup;
			children = (
				E501D17B219CA1AC00C70CC1 /* Base */,
			);
			name = Main.storyboard;
			sourceTree = "<group>";
		};
		E501D17F219CA1AF00C70CC1 /* LaunchScreen.storyboard */ = {
			isa = PBXVariantGroup;
			children = (
				E501D180219CA1AF00C70CC1 /* Base */,
			);
			name = LaunchScreen.storyboard;
			sourceTree = "<group>";
		};
/* End PBXVariantGroup section */

/* Begin XCBuildConfiguration section */
		E501D183219CA1B000C70CC1 /* Debug */ = {
			isa = XCBuildConfiguration;
			buildSettings = {
				ALWAYS_SEARCH_USER_PATHS = NO;
				CLANG_ANALYZER_NONNULL = YES;
				CLANG_ANALYZER_NUMBER_OBJECT_CONVERSION = YES_AGGRESSIVE;
				CLANG_CXX_LANGUAGE_STANDARD = "gnu++14";
				CLANG_CXX_LIBRARY = "libc++";
				CLANG_ENABLE_MODULES = YES;
				CLANG_ENABLE_OBJC_ARC = YES;
				CLANG_ENABLE_OBJC_WEAK = YES;
				CLANG_WARN_BLOCK_CAPTURE_AUTORELEASING = YES;
				CLANG_WARN_BOOL_CONVERSION = YES;
				CLANG_WARN_COMMA = YES;
				CLANG_WARN_CONSTANT_CONVERSION = YES;
				CLANG_WARN_DEPRECATED_OBJC_IMPLEMENTATIONS = YES;
				CLANG_WARN_DIRECT_OBJC_ISA_USAGE = YES_ERROR;
				CLANG_WARN_DOCUMENTATION_COMMENTS = YES;
				CLANG_WARN_EMPTY_BODY = YES;
				CLANG_WARN_ENUM_CONVERSION = YES;
				CLANG_WARN_INFINITE_RECURSION = YES;
				CLANG_WARN_INT_CONVERSION = YES;
				CLANG_WARN_NON_LITERAL_NULL_CONVERSION = YES;
				CLANG_WARN_OBJC_IMPLICIT_RETAIN_SELF = YES;
				CLANG_WARN_OBJC_LITERAL_CONVERSION = YES;
				CLANG_WARN_OBJC_ROOT_CLASS = YES_ERROR;
				CLANG_WARN_RANGE_LOOP_ANALYSIS = YES;
				CLANG_WARN_STRICT_PROTOTYPES = YES;
				CLANG_WARN_SUSPICIOUS_MOVE = YES;
				CLANG_WARN_UNGUARDED_AVAILABILITY = YES_AGGRESSIVE;
				CLANG_WARN_UNREACHABLE_CODE = YES;
				CLANG_WARN__DUPLICATE_METHOD_MATCH = YES;
				CODE_SIGN_IDENTITY = "iPhone Developer";
				COPY_PHASE_STRIP = NO;
				DEBUG_INFORMATION_FORMAT = dwarf;
				ENABLE_STRICT_OBJC_MSGSEND = YES;
				ENABLE_TESTABILITY = YES;
				GCC_C_LANGUAGE_STANDARD = gnu11;
				GCC_DYNAMIC_NO_PIC = NO;
				GCC_NO_COMMON_BLOCKS = YES;
				GCC_OPTIMIZATION_LEVEL = 0;
				GCC_PREPROCESSOR_DEFINITIONS = (
					"DEBUG=1",
					"$(inherited)",
				);
				GCC_WARN_64_TO_32_BIT_CONVERSION = YES;
				GCC_WARN_ABOUT_RETURN_TYPE = YES_ERROR;
				GCC_WARN_UNDECLARED_SELECTOR = YES;
				GCC_WARN_UNINITIALIZED_AUTOS = YES_AGGRESSIVE;
				GCC_WARN_UNUSED_FUNCTION = YES;
				GCC_WARN_UNUSED_VARIABLE = YES;
				IPHONEOS_DEPLOYMENT_TARGET = 12.0;
				MTL_ENABLE_DEBUG_INFO = INCLUDE_SOURCE;
				MTL_FAST_MATH = YES;
				ONLY_ACTIVE_ARCH = YES;
				SDKROOT = iphoneos;
				SWIFT_ACTIVE_COMPILATION_CONDITIONS = DEBUG;
				SWIFT_OPTIMIZATION_LEVEL = "-Onone";
			};
			name = Debug;
		};
		E501D184219CA1B000C70CC1 /* Release */ = {
			isa = XCBuildConfiguration;
			buildSettings = {
				ALWAYS_SEARCH_USER_PATHS = NO;
				CLANG_ANALYZER_NONNULL = YES;
				CLANG_ANALYZER_NUMBER_OBJECT_CONVERSION = YES_AGGRESSIVE;
				CLANG_CXX_LANGUAGE_STANDARD = "gnu++14";
				CLANG_CXX_LIBRARY = "libc++";
				CLANG_ENABLE_MODULES = YES;
				CLANG_ENABLE_OBJC_ARC = YES;
				CLANG_ENABLE_OBJC_WEAK = YES;
				CLANG_WARN_BLOCK_CAPTURE_AUTORELEASING = YES;
				CLANG_WARN_BOOL_CONVERSION = YES;
				CLANG_WARN_COMMA = YES;
				CLANG_WARN_CONSTANT_CONVERSION = YES;
				CLANG_WARN_DEPRECATED_OBJC_IMPLEMENTATIONS = YES;
				CLANG_WARN_DIRECT_OBJC_ISA_USAGE = YES_ERROR;
				CLANG_WARN_DOCUMENTATION_COMMENTS = YES;
				CLANG_WARN_EMPTY_BODY = YES;
				CLANG_WARN_ENUM_CONVERSION = YES;
				CLANG_WARN_INFINITE_RECURSION = YES;
				CLANG_WARN_INT_CONVERSION = YES;
				CLANG_WARN_NON_LITERAL_NULL_CONVERSION = YES;
				CLANG_WARN_OBJC_IMPLICIT_RETAIN_SELF = YES;
				CLANG_WARN_OBJC_LITERAL_CONVERSION = YES;
				CLANG_WARN_OBJC_ROOT_CLASS = YES_ERROR;
				CLANG_WARN_RANGE_LOOP_ANALYSIS = YES;
				CLANG_WARN_STRICT_PROTOTYPES = YES;
				CLANG_WARN_SUSPICIOUS_MOVE = YES;
				CLANG_WARN_UNGUARDED_AVAILABILITY = YES_AGGRESSIVE;
				CLANG_WARN_UNREACHABLE_CODE = YES;
				CLANG_WARN__DUPLICATE_METHOD_MATCH = YES;
				CODE_SIGN_IDENTITY = "iPhone Developer";
				COPY_PHASE_STRIP = NO;
				DEBUG_INFORMATION_FORMAT = "dwarf-with-dsym";
				ENABLE_NS_ASSERTIONS = NO;
				ENABLE_STRICT_OBJC_MSGSEND = YES;
				GCC_C_LANGUAGE_STANDARD = gnu11;
				GCC_NO_COMMON_BLOCKS = YES;
				GCC_WARN_64_TO_32_BIT_CONVERSION = YES;
				GCC_WARN_ABOUT_RETURN_TYPE = YES_ERROR;
				GCC_WARN_UNDECLARED_SELECTOR = YES;
				GCC_WARN_UNINITIALIZED_AUTOS = YES_AGGRESSIVE;
				GCC_WARN_UNUSED_FUNCTION = YES;
				GCC_WARN_UNUSED_VARIABLE = YES;
				IPHONEOS_DEPLOYMENT_TARGET = 12.0;
				MTL_ENABLE_DEBUG_INFO = NO;
				MTL_FAST_MATH = YES;
				SDKROOT = iphoneos;
				SWIFT_COMPILATION_MODE = wholemodule;
				SWIFT_OPTIMIZATION_LEVEL = "-O";
				VALIDATE_PRODUCT = YES;
			};
			name = Release;
		};
		E501D186219CA1B000C70CC1 /* Debug */ = {
			isa = XCBuildConfiguration;
			baseConfigurationReference = E6396632219BA46DA31065AF /* Pods-WeatherApp.debug.xcconfig */;
			buildSettings = {
				ASSETCATALOG_COMPILER_APPICON_NAME = AppIcon;
				CODE_SIGN_STYLE = Automatic;
				INFOPLIST_FILE = WeatherApp/Info.plist;
				LD_RUNPATH_SEARCH_PATHS = (
					"$(inherited)",
					"@executable_path/Frameworks",
				);
				PRODUCT_BUNDLE_IDENTIFIER = com.TannerY.WeatherApp;
				PRODUCT_NAME = "$(TARGET_NAME)";
				SWIFT_VERSION = 4.2;
				TARGETED_DEVICE_FAMILY = "1,2";
			};
			name = Debug;
		};
		E501D187219CA1B000C70CC1 /* Release */ = {
			isa = XCBuildConfiguration;
			baseConfigurationReference = A3A35096B71A30A6B0BE807C /* Pods-WeatherApp.release.xcconfig */;
			buildSettings = {
				ASSETCATALOG_COMPILER_APPICON_NAME = AppIcon;
				CODE_SIGN_STYLE = Automatic;
				INFOPLIST_FILE = WeatherApp/Info.plist;
				LD_RUNPATH_SEARCH_PATHS = (
					"$(inherited)",
					"@executable_path/Frameworks",
				);
				PRODUCT_BUNDLE_IDENTIFIER = com.TannerY.WeatherApp;
				PRODUCT_NAME = "$(TARGET_NAME)";
				SWIFT_VERSION = 4.2;
				TARGETED_DEVICE_FAMILY = "1,2";
			};
			name = Release;
		};
/* End XCBuildConfiguration section */

/* Begin XCConfigurationList section */
		E501D16E219CA1AC00C70CC1 /* Build configuration list for PBXProject "WeatherApp" */ = {
			isa = XCConfigurationList;
			buildConfigurations = (
				E501D183219CA1B000C70CC1 /* Debug */,
				E501D184219CA1B000C70CC1 /* Release */,
			);
			defaultConfigurationIsVisible = 0;
			defaultConfigurationName = Release;
		};
		E501D185219CA1B000C70CC1 /* Build configuration list for PBXNativeTarget "WeatherApp" */ = {
			isa = XCConfigurationList;
			buildConfigurations = (
				E501D186219CA1B000C70CC1 /* Debug */,
				E501D187219CA1B000C70CC1 /* Release */,
			);
			defaultConfigurationIsVisible = 0;
			defaultConfigurationName = Release;
		};
/* End XCConfigurationList section */
	};
	rootObject = E501D16B219CA1AC00C70CC1 /* Project object */;
}
